
Microsoft Visual Studio Solution File, Format Version 12.00
# Visual Studio Version 16
VisualStudioVersion = 16.0.30907.101
MinimumVisualStudioVersion = 10.0.40219.1
Project("{FAE04EC0-301F-11D3-BF4B-00C04F79EFBC}") = "OdeToFood.Web", "OdeToFood.Web\OdeToFood.Web.csproj", "{5B95BC47-771C-40AA-83F9-AD3E4237EA03}"
EndProject
Project("{FAE04EC0-301F-11D3-BF4B-00C04F79EFBC}") = "OdeToFood.Data", "OdeToFood.Data\OdeToFood.Data.csproj", "{1A43F153-F60D-4AE0-B411-FA3214068BEF}"
EndProject
Global
	GlobalSection(SolutionConfigurationPlatforms) = preSolution
		Debug|Any CPU = Debug|Any CPU
		Release|Any CPU = Release|Any CPU
	EndGlobalSection
	GlobalSection(ProjectConfigurationPlatforms) = postSolution
		{5B95BC47-771C-40AA-83F9-AD3E4237EA03}.Debug|Any CPU.ActiveCfg = Debug|Any CPU
		{5B95BC47-771C-40AA-83F9-AD3E4237EA03}.Debug|Any CPU.Build.0 = Debug|Any CPU
		{5B95BC47-771C-40AA-83F9-AD3E4237EA03}.Release|Any CPU.ActiveCfg = Release|Any CPU
		{5B95BC47-771C-40AA-83F9-AD3E4237EA03}.Release|Any CPU.Build.0 = Release|Any CPU
		{1A43F153-F60D-4AE0-B411-FA3214068BEF}.Debug|Any CPU.ActiveCfg = Debug|Any CPU
		{1A43F153-F60D-4AE0-B411-FA3214068BEF}.Debug|Any CPU.Build.0 = Debug|Any CPU
		{1A43F153-F60D-4AE0-B411-FA3214068BEF}.Release|Any CPU.ActiveCfg = Release|Any CPU
		{1A43F153-F60D-4AE0-B411-FA3214068BEF}.Release|Any CPU.Build.0 = Release|Any CPU
	EndGlobalSection
	GlobalSection(SolutionProperties) = preSolution
		HideSolutionNode = FALSE
	EndGlobalSection
	GlobalSection(ExtensibilityGlobals) = postSolution
		SolutionGuid = {B49CD858-53B1-419E-BBDC-0B3C0C5CE8FB}
	EndGlobalSection
EndGlobal
